{
  "nodes": {
    "cb-repository": {
      "flake": false,
      "locked": {
        "lastModified": 1687169636,
        "narHash": "sha256-lbZXo9SytFG1QsWgC7SlPI5SkFYNjjLkIC1kz6lfdJg=",
        "owner": "ocurrent",
        "repo": "current-bench",
        "rev": "2f7a94900ea3aa74b15de95356e33f4f5ffe0f16",
        "type": "github"
      },
      "original": {
        "owner": "ocurrent",
        "repo": "current-bench",
        "type": "github"
      }
    },
    "flake-utils": {
      "inputs": {
        "systems": "systems"
      },
      "locked": {
        "lastModified": 1687171271,
        "narHash": "sha256-BJlq+ozK2B1sJDQXS3tzJM5a+oVZmi1q0FlBK/Xqv7M=",
        "owner": "numtide",
        "repo": "flake-utils",
        "rev": "abfb11bd1aec8ced1c9bb9adfe68018230f4fb3c",
        "type": "github"
      },
      "original": {
        "owner": "numtide",
        "repo": "flake-utils",
        "type": "github"
      }
    },
    "merlin-repository": {
      "flake": false,
      "locked": {
        "lastModified": 1738749800,
        "narHash": "sha256-TnEgbThb85+8dt0ihygcUYAufZTJK6hm7dkjeT+GLcc=",
        "owner": "ocaml",
        "repo": "merlin",
        "rev": "102eee422ce772174c71a22d97bdc7877918e509",
        "type": "github"
      },
      "original": {
        "owner": "ocaml",
        "ref": "main",
        "repo": "merlin",
        "type": "github"
      }
    },
    "nixpkgs": {
      "locked": {
        "lastModified": 1739878349,
        "narHash": "sha256-UfMepBpMZOyC2i2NdhjDTvs5wNAm4sIcER5iimFNswE=",
        "owner": "nixos",
        "repo": "nixpkgs",
        "rev": "c04263876300789835d99eecb6b940f15648d1d8",
        "type": "github"
      },
      "original": {
        "owner": "nixos",
        "repo": "nixpkgs",
        "type": "github"
      }
    },
    "root": {
      "inputs": {
        "cb-repository": "cb-repository",
        "flake-utils": "flake-utils",
        "merlin-repository": "merlin-repository",
        "nixpkgs": "nixpkgs"
      }
    },
    "systems": {
      "locked": {
        "lastModified": 1681028828,
        "narHash": "sha256-Vy1rq5AaRuLzOxct8nz4T6wlgyUR7zLU309k9mBC768=",
        "owner": "nix-systems",
        "repo": "default",
        "rev": "da67096a3b9bf56a91d16901293e51ba5b49a27e",
        "type": "github"
      },
      "original": {
        "owner": "nix-systems",
        "repo": "default",
        "type": "github"
      }
    }
  },
  "root": "root",
  "version": 7
}
